// !$*UTF8*$!
{
	archiveVersion = 1;
	classes = {
	};
	objectVersion = 50;
	objects = {

/* Begin PBXBuildFile section */
		48C1AD732603CEFB003F48F1 /* FirebaseAuthFlowApp.swift in Sources */ = {isa = PBXBuildFile; fileRef = 48C1AD722603CEFB003F48F1 /* FirebaseAuthFlowApp.swift */; };
		48C1AD752603CEFB003F48F1 /* ContentView.swift in Sources */ = {isa = PBXBuildFile; fileRef = 48C1AD742603CEFB003F48F1 /* ContentView.swift */; };
		48C1AD772603CEFC003F48F1 /* Assets.xcassets in Resources */ = {isa = PBXBuildFile; fileRef = 48C1AD762603CEFC003F48F1 /* Assets.xcassets */; };
		48C1AD7A2603CEFC003F48F1 /* Preview Assets.xcassets in Resources */ = {isa = PBXBuildFile; fileRef = 48C1AD792603CEFC003F48F1 /* Preview Assets.xcassets */; };
		48C1AD852603CEFC003F48F1 /* FirebaseAuthFlowTests.swift in Sources */ = {isa = PBXBuildFile; fileRef = 48C1AD842603CEFC003F48F1 /* FirebaseAuthFlowTests.swift */; };
		48C1AD902603CEFC003F48F1 /* FirebaseAuthFlowUITests.swift in Sources */ = {isa = PBXBuildFile; fileRef = 48C1AD8F2603CEFC003F48F1 /* FirebaseAuthFlowUITests.swift */; };
/* End PBXBuildFile section */

/* Begin PBXContainerItemProxy section */
		48C1AD812603CEFC003F48F1 /* PBXContainerItemProxy */ = {
			isa = PBXContainerItemProxy;
			containerPortal = 48C1AD672603CEFB003F48F1 /* Project object */;
			proxyType = 1;
			remoteGlobalIDString = 48C1AD6E2603CEFB003F48F1;
			remoteInfo = FirebaseAuthFlow;
		};
		48C1AD8C2603CEFC003F48F1 /* PBXContainerItemProxy */ = {
			isa = PBXContainerItemProxy;
			containerPortal = 48C1AD672603CEFB003F48F1 /* Project object */;
			proxyType = 1;
			remoteGlobalIDString = 48C1AD6E2603CEFB003F48F1;
			remoteInfo = FirebaseAuthFlow;
		};
/* End PBXContainerItemProxy section */

/* Begin PBXFileReference section */
		48C1AD6F2603CEFB003F48F1 /* FirebaseAuthFlow.app */ = {isa = PBXFileReference; explicitFileType = wrapper.application; includeInIndex = 0; path = FirebaseAuthFlow.app; sourceTree = BUILT_PRODUCTS_DIR; };
		48C1AD722603CEFB003F48F1 /* FirebaseAuthFlowApp.swift */ = {isa = PBXFileReference; lastKnownFileType = sourcecode.swift; path = FirebaseAuthFlowApp.swift; sourceTree = "<group>"; };
		48C1AD742603CEFB003F48F1 /* ContentView.swift */ = {isa = PBXFileReference; lastKnownFileType = sourcecode.swift; path = ContentView.swift; sourceTree = "<group>"; };
		48C1AD762603CEFC003F48F1 /* Assets.xcassets */ = {isa = PBXFileReference; lastKnownFileType = folder.assetcatalog; path = Assets.xcassets; sourceTree = "<group>"; };
		48C1AD792603CEFC003F48F1 /* Preview Assets.xcassets */ = {isa = PBXFileReference; lastKnownFileType = folder.assetcatalog; path = "Preview Assets.xcassets"; sourceTree = "<group>"; };
		48C1AD7B2603CEFC003F48F1 /* Info.plist */ = {isa = PBXFileReference; lastKnownFileType = text.plist.xml; path = Info.plist; sourceTree = "<group>"; };
		48C1AD802603CEFC003F48F1 /* FirebaseAuthFlowTests.xctest */ = {isa = PBXFileReference; explicitFileType = wrapper.cfbundle; includeInIndex = 0; path = FirebaseAuthFlowTests.xctest; sourceTree = BUILT_PRODUCTS_DIR; };
		48C1AD842603CEFC003F48F1 /* FirebaseAuthFlowTests.swift */ = {isa = PBXFileReference; lastKnownFileType = sourcecode.swift; path = FirebaseAuthFlowTests.swift; sourceTree = "<group>"; };
		48C1AD862603CEFC003F48F1 /* Info.plist */ = {isa = PBXFileReference; lastKnownFileType = text.plist.xml; path = Info.plist; sourceTree = "<group>"; };
		48C1AD8B2603CEFC003F48F1 /* FirebaseAuthFlowUITests.xctest */ = {isa = PBXFileReference; explicitFileType = wrapper.cfbundle; includeInIndex = 0; path = FirebaseAuthFlowUITests.xctest; sourceTree = BUILT_PRODUCTS_DIR; };
		48C1AD8F2603CEFC003F48F1 /* FirebaseAuthFlowUITests.swift */ = {isa = PBXFileReference; lastKnownFileType = sourcecode.swift; path = FirebaseAuthFlowUITests.swift; sourceTree = "<group>"; };
		48C1AD912603CEFC003F48F1 /* Info.plist */ = {isa = PBXFileReference; lastKnownFileType = text.plist.xml; path = Info.plist; sourceTree = "<group>"; };
/* End PBXFileReference section */

/* Begin PBXFrameworksBuildPhase section */
		48C1AD6C2603CEFB003F48F1 /* Frameworks */ = {
			isa = PBXFrameworksBuildPhase;
			buildActionMask = 2147483647;
			files = (
			);
			runOnlyForDeploymentPostprocessing = 0;
		};
		48C1AD7D2603CEFC003F48F1 /* Frameworks */ = {
			isa = PBXFrameworksBuildPhase;
			buildActionMask = 2147483647;
			files = (
			);
			runOnlyForDeploymentPostprocessing = 0;
		};
		48C1AD882603CEFC003F48F1 /* Frameworks */ = {
			isa = PBXFrameworksBuildPhase;
			buildActionMask = 2147483647;
			files = (
			);
			runOnlyForDeploymentPostprocessing = 0;
		};
/* End PBXFrameworksBuildPhase section */

/* Begin PBXGroup section */
		48C1AD662603CEFB003F48F1 = {
			isa = PBXGroup;
			children = (
				48C1AD712603CEFB003F48F1 /* FirebaseAuthFlow */,
				48C1AD832603CEFC003F48F1 /* FirebaseAuthFlowTests */,
				48C1AD8E2603CEFC003F48F1 /* FirebaseAuthFlowUITests */,
				48C1AD702603CEFB003F48F1 /* Products */,
			);
			sourceTree = "<group>";
		};
		48C1AD702603CEFB003F48F1 /* Products */ = {
			isa = PBXGroup;
			children = (
				48C1AD6F2603CEFB003F48F1 /* FirebaseAuthFlow.app */,
				48C1AD802603CEFC003F48F1 /* FirebaseAuthFlowTests.xctest */,
				48C1AD8B2603CEFC003F48F1 /* FirebaseAuthFlowUITests.xctest */,
			);
			name = Products;
			sourceTree = "<group>";
		};
		48C1AD712603CEFB003F48F1 /* FirebaseAuthFlow */ = {
			isa = PBXGroup;
			children = (
				48C1AD722603CEFB003F48F1 /* FirebaseAuthFlowApp.swift */,
				48C1AD742603CEFB003F48F1 /* ContentView.swift */,
				48C1AD762603CEFC003F48F1 /* Assets.xcassets */,
				48C1AD7B2603CEFC003F48F1 /* Info.plist */,
				48C1AD782603CEFC003F48F1 /* Preview Content */,
			);
			path = FirebaseAuthFlow;
			sourceTree = "<group>";
		};
		48C1AD782603CEFC003F48F1 /* Preview Content */ = {
			isa = PBXGroup;
			children = (
				48C1AD792603CEFC003F48F1 /* Preview Assets.xcassets */,
			);
			path = "Preview Content";
			sourceTree = "<group>";
		};
		48C1AD832603CEFC003F48F1 /* FirebaseAuthFlowTests */ = {
			isa = PBXGroup;
			children = (
				48C1AD842603CEFC003F48F1 /* FirebaseAuthFlowTests.swift */,
				48C1AD862603CEFC003F48F1 /* Info.plist */,
			);
			path = FirebaseAuthFlowTests;
			sourceTree = "<group>";
		};
		48C1AD8E2603CEFC003F48F1 /* FirebaseAuthFlowUITests */ = {
			isa = PBXGroup;
			children = (
				48C1AD8F2603CEFC003F48F1 /* FirebaseAuthFlowUITests.swift */,
				48C1AD912603CEFC003F48F1 /* Info.plist */,
			);
			path = FirebaseAuthFlowUITests;
			sourceTree = "<group>";
		};
/* End PBXGroup section */

/* Begin PBXNativeTarget section */
		48C1AD6E2603CEFB003F48F1 /* FirebaseAuthFlow */ = {
			isa = PBXNativeTarget;
			buildConfigurationList = 48C1AD942603CEFC003F48F1 /* Build configuration list for PBXNativeTarget "FirebaseAuthFlow" */;
			buildPhases = (
				48C1AD6B2603CEFB003F48F1 /* Sources */,
				48C1AD6C2603CEFB003F48F1 /* Frameworks */,
				48C1AD6D2603CEFB003F48F1 /* Resources */,
			);
			buildRules = (
			);
			dependencies = (
			);
			name = FirebaseAuthFlow;
			productName = FirebaseAuthFlow;
			productReference = 48C1AD6F2603CEFB003F48F1 /* FirebaseAuthFlow.app */;
			productType = "com.apple.product-type.application";
		};
		48C1AD7F2603CEFC003F48F1 /* FirebaseAuthFlowTests */ = {
			isa = PBXNativeTarget;
			buildConfigurationList = 48C1AD972603CEFC003F48F1 /* Build configuration list for PBXNativeTarget "FirebaseAuthFlowTests" */;
			buildPhases = (
				48C1AD7C2603CEFC003F48F1 /* Sources */,
				48C1AD7D2603CEFC003F48F1 /* Frameworks */,
				48C1AD7E2603CEFC003F48F1 /* Resources */,
			);
			buildRules = (
			);
			dependencies = (
				48C1AD822603CEFC003F48F1 /* PBXTargetDependency */,
			);
			name = FirebaseAuthFlowTests;
			productName = FirebaseAuthFlowTests;
			productReference = 48C1AD802603CEFC003F48F1 /* FirebaseAuthFlowTests.xctest */;
			productType = "com.apple.product-type.bundle.unit-test";
		};
		48C1AD8A2603CEFC003F48F1 /* FirebaseAuthFlowUITests */ = {
			isa = PBXNativeTarget;
			buildConfigurationList = 48C1AD9A2603CEFC003F48F1 /* Build configuration list for PBXNativeTarget "FirebaseAuthFlowUITests" */;
			buildPhases = (
				48C1AD872603CEFC003F48F1 /* Sources */,
				48C1AD882603CEFC003F48F1 /* Frameworks */,
				48C1AD892603CEFC003F48F1 /* Resources */,
			);
			buildRules = (
			);
			dependencies = (
				48C1AD8D2603CEFC003F48F1 /* PBXTargetDependency */,
			);
			name = FirebaseAuthFlowUITests;
			productName = FirebaseAuthFlowUITests;
			productReference = 48C1AD8B2603CEFC003F48F1 /* FirebaseAuthFlowUITests.xctest */;
			productType = "com.apple.product-type.bundle.ui-testing";
		};
/* End PBXNativeTarget section */

/* Begin PBXProject section */
		48C1AD672603CEFB003F48F1 /* Project object */ = {
			isa = PBXProject;
			attributes = {
				LastSwiftUpdateCheck = 1240;
				LastUpgradeCheck = 1240;
				TargetAttributes = {
					48C1AD6E2603CEFB003F48F1 = {
						CreatedOnToolsVersion = 12.4;
					};
					48C1AD7F2603CEFC003F48F1 = {
						CreatedOnToolsVersion = 12.4;
						TestTargetID = 48C1AD6E2603CEFB003F48F1;
					};
					48C1AD8A2603CEFC003F48F1 = {
						CreatedOnToolsVersion = 12.4;
						TestTargetID = 48C1AD6E2603CEFB003F48F1;
					};
				};
			};
			buildConfigurationList = 48C1AD6A2603CEFB003F48F1 /* Build configuration list for PBXProject "FirebaseAuthFlow" */;
			compatibilityVersion = "Xcode 9.3";
			developmentRegion = en;
			hasScannedForEncodings = 0;
			knownRegions = (
				en,
				Base,
			);
			mainGroup = 48C1AD662603CEFB003F48F1;
			productRefGroup = 48C1AD702603CEFB003F48F1 /* Products */;
			projectDirPath = "";
			projectRoot = "";
			targets = (
				48C1AD6E2603CEFB003F48F1 /* FirebaseAuthFlow */,
				48C1AD7F2603CEFC003F48F1 /* FirebaseAuthFlowTests */,
				48C1AD8A2603CEFC003F48F1 /* FirebaseAuthFlowUITests */,
			);
		};
/* End PBXProject section */

/* Begin PBXResourcesBuildPhase section */
		48C1AD6D2603CEFB003F48F1 /* Resources */ = {
			isa = PBXResourcesBuildPhase;
			buildActionMask = 2147483647;
			files = (
				48C1AD7A2603CEFC003F48F1 /* Preview Assets.xcassets in Resources */,
				48C1AD772603CEFC003F48F1 /* Assets.xcassets in Resources */,
			);
			runOnlyForDeploymentPostprocessing = 0;
		};
		48C1AD7E2603CEFC003F48F1 /* Resources */ = {
			isa = PBXResourcesBuildPhase;
			buildActionMask = 2147483647;
			files = (
			);
			runOnlyForDeploymentPostprocessing = 0;
		};
		48C1AD892603CEFC003F48F1 /* Resources */ = {
			isa = PBXResourcesBuildPhase;
			buildActionMask = 2147483647;
			files = (
			);
			runOnlyForDeploymentPostprocessing = 0;
		};
/* End PBXResourcesBuildPhase section */

/* Begin PBXSourcesBuildPhase section */
		48C1AD6B2603CEFB003F48F1 /* Sources */ = {
			isa = PBXSourcesBuildPhase;
			buildActionMask = 2147483647;
			files = (
				48C1AD752603CEFB003F48F1 /* ContentView.swift in Sources */,
				48C1AD732603CEFB003F48F1 /* FirebaseAuthFlowApp.swift in Sources */,
			);
			runOnlyForDeploymentPostprocessing = 0;
		};
		48C1AD7C2603CEFC003F48F1 /* Sources */ = {
			isa = PBXSourcesBuildPhase;
			buildActionMask = 2147483647;
			files = (
				48C1AD852603CEFC003F48F1 /* FirebaseAuthFlowTests.swift in Sources */,
			);
			runOnlyForDeploymentPostprocessing = 0;
		};
		48C1AD872603CEFC003F48F1 /* Sources */ = {
			isa = PBXSourcesBuildPhase;
			buildActionMask = 2147483647;
			files = (
				48C1AD902603CEFC003F48F1 /* FirebaseAuthFlowUITests.swift in Sources */,
			);
			runOnlyForDeploymentPostprocessing = 0;
		};
/* End PBXSourcesBuildPhase section */

/* Begin PBXTargetDependency section */
		48C1AD822603CEFC003F48F1 /* PBXTargetDependency */ = {
			isa = PBXTargetDependency;
			target = 48C1AD6E2603CEFB003F48F1 /* FirebaseAuthFlow */;
			targetProxy = 48C1AD812603CEFC003F48F1 /* PBXContainerItemProxy */;
		};
		48C1AD8D2603CEFC003F48F1 /* PBXTargetDependency */ = {
			isa = PBXTargetDependency;
			target = 48C1AD6E2603CEFB003F48F1 /* FirebaseAuthFlow */;
			targetProxy = 48C1AD8C2603CEFC003F48F1 /* PBXContainerItemProxy */;
		};
/* End PBXTargetDependency section */

/* Begin XCBuildConfiguration section */
		48C1AD922603CEFC003F48F1 /* Debug */ = {
			isa = XCBuildConfiguration;
			buildSettings = {
				ALWAYS_SEARCH_USER_PATHS = NO;
				CLANG_ANALYZER_NONNULL = YES;
				CLANG_ANALYZER_NUMBER_OBJECT_CONVERSION = YES_AGGRESSIVE;
				CLANG_CXX_LANGUAGE_STANDARD = "gnu++14";
				CLANG_CXX_LIBRARY = "libc++";
				CLANG_ENABLE_MODULES = YES;
				CLANG_ENABLE_OBJC_ARC = YES;
				CLANG_ENABLE_OBJC_WEAK = YES;
				CLANG_WARN_BLOCK_CAPTURE_AUTORELEASING = YES;
				CLANG_WARN_BOOL_CONVERSION = YES;
				CLANG_WARN_COMMA = YES;
				CLANG_WARN_CONSTANT_CONVERSION = YES;
				CLANG_WARN_DEPRECATED_OBJC_IMPLEMENTATIONS = YES;
				CLANG_WARN_DIRECT_OBJC_ISA_USAGE = YES_ERROR;
				CLANG_WARN_DOCUMENTATION_COMMENTS = YES;
				CLANG_WARN_EMPTY_BODY = YES;
				CLANG_WARN_ENUM_CONVERSION = YES;
				CLANG_WARN_INFINITE_RECURSION = YES;
				CLANG_WARN_INT_CONVERSION = YES;
				CLANG_WARN_NON_LITERAL_NULL_CONVERSION = YES;
				CLANG_WARN_OBJC_IMPLICIT_RETAIN_SELF = YES;
				CLANG_WARN_OBJC_LITERAL_CONVERSION = YES;
				CLANG_WARN_OBJC_ROOT_CLASS = YES_ERROR;
				CLANG_WARN_QUOTED_INCLUDE_IN_FRAMEWORK_HEADER = YES;
				CLANG_WARN_RANGE_LOOP_ANALYSIS = YES;
				CLANG_WARN_STRICT_PROTOTYPES = YES;
				CLANG_WARN_SUSPICIOUS_MOVE = YES;
				CLANG_WARN_UNGUARDED_AVAILABILITY = YES_AGGRESSIVE;
				CLANG_WARN_UNREACHABLE_CODE = YES;
				CLANG_WARN__DUPLICATE_METHOD_MATCH = YES;
				COPY_PHASE_STRIP = NO;
				DEBUG_INFORMATION_FORMAT = dwarf;
				ENABLE_STRICT_OBJC_MSGSEND = YES;
				ENABLE_TESTABILITY = YES;
				GCC_C_LANGUAGE_STANDARD = gnu11;
				GCC_DYNAMIC_NO_PIC = NO;
				GCC_NO_COMMON_BLOCKS = YES;
				GCC_OPTIMIZATION_LEVEL = 0;
				GCC_PREPROCESSOR_DEFINITIONS = (
					"DEBUG=1",
					"$(inherited)",
				);
				GCC_WARN_64_TO_32_BIT_CONVERSION = YES;
				GCC_WARN_ABOUT_RETURN_TYPE = YES_ERROR;
				GCC_WARN_UNDECLARED_SELECTOR = YES;
				GCC_WARN_UNINITIALIZED_AUTOS = YES_AGGRESSIVE;
				GCC_WARN_UNUSED_FUNCTION = YES;
				GCC_WARN_UNUSED_VARIABLE = YES;
				IPHONEOS_DEPLOYMENT_TARGET = 14.4;
				MTL_ENABLE_DEBUG_INFO = INCLUDE_SOURCE;
				MTL_FAST_MATH = YES;
				ONLY_ACTIVE_ARCH = YES;
				SDKROOT = iphoneos;
				SWIFT_ACTIVE_COMPILATION_CONDITIONS = DEBUG;
				SWIFT_OPTIMIZATION_LEVEL = "-Onone";
			};
			name = Debug;
		};
		48C1AD932603CEFC003F48F1 /* Release */ = {
			isa = XCBuildConfiguration;
			buildSettings = {
				ALWAYS_SEARCH_USER_PATHS = NO;
				CLANG_ANALYZER_NONNULL = YES;
				CLANG_ANALYZER_NUMBER_OBJECT_CONVERSION = YES_AGGRESSIVE;
				CLANG_CXX_LANGUAGE_STANDARD = "gnu++14";
				CLANG_CXX_LIBRARY = "libc++";
				CLANG_ENABLE_MODULES = YES;
				CLANG_ENABLE_OBJC_ARC = YES;
				CLANG_ENABLE_OBJC_WEAK = YES;
				CLANG_WARN_BLOCK_CAPTURE_AUTORELEASING = YES;
				CLANG_WARN_BOOL_CONVERSION = YES;
				CLANG_WARN_COMMA = YES;
				CLANG_WARN_CONSTANT_CONVERSION = YES;
				CLANG_WARN_DEPRECATED_OBJC_IMPLEMENTATIONS = YES;
				CLANG_WARN_DIRECT_OBJC_ISA_USAGE = YES_ERROR;
				CLANG_WARN_DOCUMENTATION_COMMENTS = YES;
				CLANG_WARN_EMPTY_BODY = YES;
				CLANG_WARN_ENUM_CONVERSION = YES;
				CLANG_WARN_INFINITE_RECURSION = YES;
				CLANG_WARN_INT_CONVERSION = YES;
				CLANG_WARN_NON_LITERAL_NULL_CONVERSION = YES;
				CLANG_WARN_OBJC_IMPLICIT_RETAIN_SELF = YES;
				CLANG_WARN_OBJC_LITERAL_CONVERSION = YES;
				CLANG_WARN_OBJC_ROOT_CLASS = YES_ERROR;
				CLANG_WARN_QUOTED_INCLUDE_IN_FRAMEWORK_HEADER = YES;
				CLANG_WARN_RANGE_LOOP_ANALYSIS = YES;
				CLANG_WARN_STRICT_PROTOTYPES = YES;
				CLANG_WARN_SUSPICIOUS_MOVE = YES;
				CLANG_WARN_UNGUARDED_AVAILABILITY = YES_AGGRESSIVE;
				CLANG_WARN_UNREACHABLE_CODE = YES;
				CLANG_WARN__DUPLICATE_METHOD_MATCH = YES;
				COPY_PHASE_STRIP = NO;
				DEBUG_INFORMATION_FORMAT = "dwarf-with-dsym";
				ENABLE_NS_ASSERTIONS = NO;
				ENABLE_STRICT_OBJC_MSGSEND = YES;
				GCC_C_LANGUAGE_STANDARD = gnu11;
				GCC_NO_COMMON_BLOCKS = YES;
				GCC_WARN_64_TO_32_BIT_CONVERSION = YES;
				GCC_WARN_ABOUT_RETURN_TYPE = YES_ERROR;
				GCC_WARN_UNDECLARED_SELECTOR = YES;
				GCC_WARN_UNINITIALIZED_AUTOS = YES_AGGRESSIVE;
				GCC_WARN_UNUSED_FUNCTION = YES;
				GCC_WARN_UNUSED_VARIABLE = YES;
				IPHONEOS_DEPLOYMENT_TARGET = 14.4;
				MTL_ENABLE_DEBUG_INFO = NO;
				MTL_FAST_MATH = YES;
				SDKROOT = iphoneos;
				SWIFT_COMPILATION_MODE = wholemodule;
				SWIFT_OPTIMIZATION_LEVEL = "-O";
				VALIDATE_PRODUCT = YES;
			};
			name = Release;
		};
		48C1AD952603CEFC003F48F1 /* Debug */ = {
			isa = XCBuildConfiguration;
			buildSettings = {
				ASSETCATALOG_COMPILER_APPICON_NAME = AppIcon;
				ASSETCATALOG_COMPILER_GLOBAL_ACCENT_COLOR_NAME = AccentColor;
				CODE_SIGN_STYLE = Automatic;
				DEVELOPMENT_ASSET_PATHS = "\"FirebaseAuthFlow/Preview Content\"";
				DEVELOPMENT_TEAM = 8SJL86S8V5;
				ENABLE_PREVIEWS = YES;
				INFOPLIST_FILE = FirebaseAuthFlow/Info.plist;
				IPHONEOS_DEPLOYMENT_TARGET = 14.0;
				LD_RUNPATH_SEARCH_PATHS = (
					"$(inherited)",
					"@executable_path/Frameworks",
				);
				PRODUCT_BUNDLE_IDENTIFIER = brigettevaldez.FirebaseAuthFlow;
				PRODUCT_NAME = "$(TARGET_NAME)";
				SWIFT_VERSION = 5.0;
				TARGETED_DEVICE_FAMILY = "1,2";
			};
			name = Debug;
		};
		48C1AD962603CEFC003F48F1 /* Release */ = {
			isa = XCBuildConfiguration;
			buildSettings = {
				ASSETCATALOG_COMPILER_APPICON_NAME = AppIcon;
				ASSETCATALOG_COMPILER_GLOBAL_ACCENT_COLOR_NAME = AccentColor;
				CODE_SIGN_STYLE = Automatic;
				DEVELOPMENT_ASSET_PATHS = "\"FirebaseAuthFlow/Preview Content\"";
				DEVELOPMENT_TEAM = 8SJL86S8V5;
				ENABLE_PREVIEWS = YES;
				INFOPLIST_FILE = FirebaseAuthFlow/Info.plist;
				IPHONEOS_DEPLOYMENT_TARGET = 14.0;
				LD_RUNPATH_SEARCH_PATHS = (
					"$(inherited)",
					"@executable_path/Frameworks",
				);
				PRODUCT_BUNDLE_IDENTIFIER = brigettevaldez.FirebaseAuthFlow;
				PRODUCT_NAME = "$(TARGET_NAME)";
				SWIFT_VERSION = 5.0;
				TARGETED_DEVICE_FAMILY = "1,2";
			};
			name = Release;
		};
		48C1AD982603CEFC003F48F1 /* Debug */ = {
			isa = XCBuildConfiguration;
			buildSettings = {
				ALWAYS_EMBED_SWIFT_STANDARD_LIBRARIES = YES;
				BUNDLE_LOADER = "$(TEST_HOST)";
				CODE_SIGN_STYLE = Automatic;
				DEVELOPMENT_TEAM = 8SJL86S8V5;
				INFOPLIST_FILE = FirebaseAuthFlowTests/Info.plist;
				IPHONEOS_DEPLOYMENT_TARGET = 14.0;
				LD_RUNPATH_SEARCH_PATHS = (
					"$(inherited)",
					"@executable_path/Frameworks",
					"@loader_path/Frameworks",
				);
				PRODUCT_BUNDLE_IDENTIFIER = brigettevaldez.FirebaseAuthFlowTests;
				PRODUCT_NAME = "$(TARGET_NAME)";
				SWIFT_VERSION = 5.0;
				TARGETED_DEVICE_FAMILY = "1,2";
				TEST_HOST = "$(BUILT_PRODUCTS_DIR)/FirebaseAuthFlow.app/FirebaseAuthFlow";
			};
			name = Debug;
		};
		48C1AD992603CEFC003F48F1 /* Release */ = {
			isa = XCBuildConfiguration;
			buildSettings = {
				ALWAYS_EMBED_SWIFT_STANDARD_LIBRARIES = YES;
				BUNDLE_LOADER = "$(TEST_HOST)";
				CODE_SIGN_STYLE = Automatic;
				DEVELOPMENT_TEAM = 8SJL86S8V5;
				INFOPLIST_FILE = FirebaseAuthFlowTests/Info.plist;
				IPHONEOS_DEPLOYMENT_TARGET = 14.0;
				LD_RUNPATH_SEARCH_PATHS = (
					"$(inherited)",
					"@executable_path/Frameworks",
					"@loader_path/Frameworks",
				);
				PRODUCT_BUNDLE_IDENTIFIER = brigettevaldez.FirebaseAuthFlowTests;
				PRODUCT_NAME = "$(TARGET_NAME)";
				SWIFT_VERSION = 5.0;
				TARGETED_DEVICE_FAMILY = "1,2";
				TEST_HOST = "$(BUILT_PRODUCTS_DIR)/FirebaseAuthFlow.app/FirebaseAuthFlow";
			};
			name = Release;
		};
		48C1AD9B2603CEFC003F48F1 /* Debug */ = {
			isa = XCBuildConfiguration;
			buildSettings = {
				ALWAYS_EMBED_SWIFT_STANDARD_LIBRARIES = YES;
				CODE_SIGN_STYLE = Automatic;
				DEVELOPMENT_TEAM = 8SJL86S8V5;
				INFOPLIST_FILE = FirebaseAuthFlowUITests/Info.plist;
				LD_RUNPATH_SEARCH_PATHS = (
					"$(inherited)",
					"@executable_path/Frameworks",
					"@loader_path/Frameworks",
				);
				PRODUCT_BUNDLE_IDENTIFIER = brigettevaldez.FirebaseAuthFlowUITests;
				PRODUCT_NAME = "$(TARGET_NAME)";
				SWIFT_VERSION = 5.0;
				TARGETED_DEVICE_FAMILY = "1,2";
				TEST_TARGET_NAME = FirebaseAuthFlow;
			};
			name = Debug;
		};
		48C1AD9C2603CEFC003F48F1 /* Release */ = {
			isa = XCBuildConfiguration;
			buildSettings = {
				ALWAYS_EMBED_SWIFT_STANDARD_LIBRARIES = YES;
				CODE_SIGN_STYLE = Automatic;
				DEVELOPMENT_TEAM = 8SJL86S8V5;
				INFOPLIST_FILE = FirebaseAuthFlowUITests/Info.plist;
				LD_RUNPATH_SEARCH_PATHS = (
					"$(inherited)",
					"@executable_path/Frameworks",
					"@loader_path/Frameworks",
				);
				PRODUCT_BUNDLE_IDENTIFIER = brigettevaldez.FirebaseAuthFlowUITests;
				PRODUCT_NAME = "$(TARGET_NAME)";
				SWIFT_VERSION = 5.0;
				TARGETED_DEVICE_FAMILY = "1,2";
				TEST_TARGET_NAME = FirebaseAuthFlow;
			};
			name = Release;
		};
/* End XCBuildConfiguration section */

/* Begin XCConfigurationList section */
		48C1AD6A2603CEFB003F48F1 /* Build configuration list for PBXProject "FirebaseAuthFlow" */ = {
			isa = XCConfigurationList;
			buildConfigurations = (
				48C1AD922603CEFC003F48F1 /* Debug */,
				48C1AD932603CEFC003F48F1 /* Release */,
			);
			defaultConfigurationIsVisible = 0;
			defaultConfigurationName = Release;
		};
		48C1AD942603CEFC003F48F1 /* Build configuration list for PBXNativeTarget "FirebaseAuthFlow" */ = {
			isa = XCConfigurationList;
			buildConfigurations = (
				48C1AD952603CEFC003F48F1 /* Debug */,
				48C1AD962603CEFC003F48F1 /* Release */,
			);
			defaultConfigurationIsVisible = 0;
			defaultConfigurationName = Release;
		};
		48C1AD972603CEFC003F48F1 /* Build configuration list for PBXNativeTarget "FirebaseAuthFlowTests" */ = {
			isa = XCConfigurationList;
			buildConfigurations = (
				48C1AD982603CEFC003F48F1 /* Debug */,
				48C1AD992603CEFC003F48F1 /* Release */,
			);
			defaultConfigurationIsVisible = 0;
			defaultConfigurationName = Release;
		};
		48C1AD9A2603CEFC003F48F1 /* Build configuration list for PBXNativeTarget "FirebaseAuthFlowUITests" */ = {
			isa = XCConfigurationList;
			buildConfigurations = (
				48C1AD9B2603CEFC003F48F1 /* Debug */,
				48C1AD9C2603CEFC003F48F1 /* Release */,
			);
			defaultConfigurationIsVisible = 0;
			defaultConfigurationName = Release;
		};
/* End XCConfigurationList section */
	};
	rootObject = 48C1AD672603CEFB003F48F1 /* Project object */;
}
